// !$*UTF8*$!
{
	archiveVersion = 1;
	classes = {
	};
	objectVersion = 55;
	objects = {

/* Begin PBXBuildFile section */
		D81E7ED327E5F9B800FDC311 /* main.swift in Sources */ = {isa = PBXBuildFile; fileRef = D81E7ED227E5F9B800FDC311 /* main.swift */; };
		D831FB4927D4E66200F91045 /* main.swift in Sources */ = {isa = PBXBuildFile; fileRef = D831FB4827D4E66200F91045 /* main.swift */; };
		D8360AE627D7103300F56C07 /* main.swift in Sources */ = {isa = PBXBuildFile; fileRef = D8360AE527D7103300F56C07 /* main.swift */; };
		D850154C27CDC59F00A47757 /* main.swift in Sources */ = {isa = PBXBuildFile; fileRef = D850154B27CDC59F00A47757 /* main.swift */; };
		D850155727D0E46B00A47757 /* main.swift in Sources */ = {isa = PBXBuildFile; fileRef = D850155627D0E46B00A47757 /* main.swift */; };
		D8B24CCC27BE71F70064A311 /* main.swift in Sources */ = {isa = PBXBuildFile; fileRef = D8B24CCB27BE71F70064A311 /* main.swift */; };
		D8B3B60027E0D1FB00F5BC1C /* main.swift in Sources */ = {isa = PBXBuildFile; fileRef = D8B3B5FF27E0D1FB00F5BC1C /* main.swift */; };
		D8C5651427E37259008334B7 /* main.swift in Sources */ = {isa = PBXBuildFile; fileRef = D8C5651327E37259008334B7 /* main.swift */; };
		D8C8B47027E1EC1100E985E2 /* main.swift in Sources */ = {isa = PBXBuildFile; fileRef = D8C8B46F27E1EC1100E985E2 /* main.swift */; };
		D8E4064427D33DB20001AF01 /* main.swift in Sources */ = {isa = PBXBuildFile; fileRef = D8E4064327D33DB20001AF01 /* main.swift */; };
		D8EF166927D7AEA700466887 /* main.swift in Sources */ = {isa = PBXBuildFile; fileRef = D8EF166827D7AEA700466887 /* main.swift */; };
		D8F45ACC27DA2EB700DB741C /* main.swift in Sources */ = {isa = PBXBuildFile; fileRef = D8F45ACB27DA2EB700DB741C /* main.swift */; };
		D8F45ADD27DC780F00DB741C /* main.swift in Sources */ = {isa = PBXBuildFile; fileRef = D8F45ADC27DC780F00DB741C /* main.swift */; };
		D8F45AE827DC7CF200DB741C /* main.swift in Sources */ = {isa = PBXBuildFile; fileRef = D8F45AE727DC7CF200DB741C /* main.swift */; };
		D8F45B3527DDB1FC00DB741C /* main.swift in Sources */ = {isa = PBXBuildFile; fileRef = D8F45B3427DDB1FC00DB741C /* main.swift */; };
		D8F45B4B27DF82A400DB741C /* main.swift in Sources */ = {isa = PBXBuildFile; fileRef = D8F45B4A27DF82A400DB741C /* main.swift */; };
/* End PBXBuildFile section */

/* Begin PBXCopyFilesBuildPhase section */
		D81E7ECE27E5F9B800FDC311 /* CopyFiles */ = {
			isa = PBXCopyFilesBuildPhase;
			buildActionMask = 2147483647;
			dstPath = /usr/share/man/man1/;
			dstSubfolderSpec = 0;
			files = (
			);
			runOnlyForDeploymentPostprocessing = 1;
		};
		D831FB4427D4E66200F91045 /* CopyFiles */ = {
			isa = PBXCopyFilesBuildPhase;
			buildActionMask = 2147483647;
			dstPath = /usr/share/man/man1/;
			dstSubfolderSpec = 0;
			files = (
			);
			runOnlyForDeploymentPostprocessing = 1;
		};
		D8360AE127D7103300F56C07 /* CopyFiles */ = {
			isa = PBXCopyFilesBuildPhase;
			buildActionMask = 2147483647;
			dstPath = /usr/share/man/man1/;
			dstSubfolderSpec = 0;
			files = (
			);
			runOnlyForDeploymentPostprocessing = 1;
		};
		D850154727CDC59F00A47757 /* CopyFiles */ = {
			isa = PBXCopyFilesBuildPhase;
			buildActionMask = 2147483647;
			dstPath = /usr/share/man/man1/;
			dstSubfolderSpec = 0;
			files = (
			);
			runOnlyForDeploymentPostprocessing = 1;
		};
		D850155227D0E46B00A47757 /* CopyFiles */ = {
			isa = PBXCopyFilesBuildPhase;
			buildActionMask = 2147483647;
			dstPath = /usr/share/man/man1/;
			dstSubfolderSpec = 0;
			files = (
			);
			runOnlyForDeploymentPostprocessing = 1;
		};
		D8B24CC627BE71F70064A311 /* CopyFiles */ = {
			isa = PBXCopyFilesBuildPhase;
			buildActionMask = 2147483647;
			dstPath = /usr/share/man/man1/;
			dstSubfolderSpec = 0;
			files = (
			);
			runOnlyForDeploymentPostprocessing = 1;
		};
		D8B3B5FB27E0D1FB00F5BC1C /* CopyFiles */ = {
			isa = PBXCopyFilesBuildPhase;
			buildActionMask = 2147483647;
			dstPath = /usr/share/man/man1/;
			dstSubfolderSpec = 0;
			files = (
			);
			runOnlyForDeploymentPostprocessing = 1;
		};
		D8C5650F27E37259008334B7 /* CopyFiles */ = {
			isa = PBXCopyFilesBuildPhase;
			buildActionMask = 2147483647;
			dstPath = /usr/share/man/man1/;
			dstSubfolderSpec = 0;
			files = (
			);
			runOnlyForDeploymentPostprocessing = 1;
		};
		D8C8B46B27E1EC1100E985E2 /* CopyFiles */ = {
			isa = PBXCopyFilesBuildPhase;
			buildActionMask = 2147483647;
			dstPath = /usr/share/man/man1/;
			dstSubfolderSpec = 0;
			files = (
			);
			runOnlyForDeploymentPostprocessing = 1;
		};
		D8E4063F27D33DB20001AF01 /* CopyFiles */ = {
			isa = PBXCopyFilesBuildPhase;
			buildActionMask = 2147483647;
			dstPath = /usr/share/man/man1/;
			dstSubfolderSpec = 0;
			files = (
			);
			runOnlyForDeploymentPostprocessing = 1;
		};
		D8EF166427D7AEA700466887 /* CopyFiles */ = {
			isa = PBXCopyFilesBuildPhase;
			buildActionMask = 2147483647;
			dstPath = /usr/share/man/man1/;
			dstSubfolderSpec = 0;
			files = (
			);
			runOnlyForDeploymentPostprocessing = 1;
		};
		D8F45AC727DA2EB700DB741C /* CopyFiles */ = {
			isa = PBXCopyFilesBuildPhase;
			buildActionMask = 2147483647;
			dstPath = /usr/share/man/man1/;
			dstSubfolderSpec = 0;
			files = (
			);
			runOnlyForDeploymentPostprocessing = 1;
		};
		D8F45AD827DC780F00DB741C /* CopyFiles */ = {
			isa = PBXCopyFilesBuildPhase;
			buildActionMask = 2147483647;
			dstPath = /usr/share/man/man1/;
			dstSubfolderSpec = 0;
			files = (
			);
			runOnlyForDeploymentPostprocessing = 1;
		};
		D8F45AE327DC7CF200DB741C /* CopyFiles */ = {
			isa = PBXCopyFilesBuildPhase;
			buildActionMask = 2147483647;
			dstPath = /usr/share/man/man1/;
			dstSubfolderSpec = 0;
			files = (
			);
			runOnlyForDeploymentPostprocessing = 1;
		};
		D8F45B3027DDB1FB00DB741C /* CopyFiles */ = {
			isa = PBXCopyFilesBuildPhase;
			buildActionMask = 2147483647;
			dstPath = /usr/share/man/man1/;
			dstSubfolderSpec = 0;
			files = (
			);
			runOnlyForDeploymentPostprocessing = 1;
		};
		D8F45B4627DF82A400DB741C /* CopyFiles */ = {
			isa = PBXCopyFilesBuildPhase;
			buildActionMask = 2147483647;
			dstPath = /usr/share/man/man1/;
			dstSubfolderSpec = 0;
			files = (
			);
			runOnlyForDeploymentPostprocessing = 1;
		};
/* End PBXCopyFilesBuildPhase section */

/* Begin PBXFileReference section */
		D81E7ED027E5F9B800FDC311 /* 16234_인구 이동 */ = {isa = PBXFileReference; explicitFileType = "compiled.mach-o.executable"; includeInIndex = 0; path = "16234_인구 이동"; sourceTree = BUILT_PRODUCTS_DIR; };
		D81E7ED227E5F9B800FDC311 /* main.swift */ = {isa = PBXFileReference; lastKnownFileType = sourcecode.swift; name = main.swift; path = "../16234_인구 이동/main.swift"; sourceTree = "<group>"; };
		D831FB4627D4E66200F91045 /* 2941_크로아티아 알파벳 */ = {isa = PBXFileReference; explicitFileType = "compiled.mach-o.executable"; includeInIndex = 0; path = "2941_크로아티아 알파벳"; sourceTree = BUILT_PRODUCTS_DIR; };
		D831FB4827D4E66200F91045 /* main.swift */ = {isa = PBXFileReference; lastKnownFileType = sourcecode.swift; name = main.swift; path = "../2941_크로아티아 알파벳/main.swift"; sourceTree = "<group>"; };
		D831FB4D27D620FC00F91045 /* .gitignore */ = {isa = PBXFileReference; lastKnownFileType = text; path = .gitignore; sourceTree = "<group>"; };
		D8360AE327D7103300F56C07 /* 2234_성곽 */ = {isa = PBXFileReference; explicitFileType = "compiled.mach-o.executable"; includeInIndex = 0; path = "2234_성곽"; sourceTree = BUILT_PRODUCTS_DIR; };
		D8360AE527D7103300F56C07 /* main.swift */ = {isa = PBXFileReference; lastKnownFileType = sourcecode.swift; name = main.swift; path = "../2234_성곽/main.swift"; sourceTree = "<group>"; };
		D850154927CDC59F00A47757 /* 17780_새로운 게임 */ = {isa = PBXFileReference; explicitFileType = "compiled.mach-o.executable"; includeInIndex = 0; path = "17780_새로운 게임"; sourceTree = BUILT_PRODUCTS_DIR; };
		D850154B27CDC59F00A47757 /* main.swift */ = {isa = PBXFileReference; lastKnownFileType = sourcecode.swift; name = main.swift; path = "../17780_새로운 게임/main.swift"; sourceTree = "<group>"; };
		D850155427D0E46B00A47757 /* Lv2_문자열압축 */ = {isa = PBXFileReference; explicitFileType = "compiled.mach-o.executable"; includeInIndex = 0; path = "Lv2_문자열압축"; sourceTree = BUILT_PRODUCTS_DIR; };
		D850155627D0E46B00A47757 /* main.swift */ = {isa = PBXFileReference; lastKnownFileType = sourcecode.swift; name = main.swift; path = "../Lv2_문자열압축/main.swift"; sourceTree = "<group>"; };
		D8B24CC827BE71F70064A311 /* algorithm */ = {isa = PBXFileReference; explicitFileType = "compiled.mach-o.executable"; includeInIndex = 0; path = algorithm; sourceTree = BUILT_PRODUCTS_DIR; };
		D8B24CCB27BE71F70064A311 /* main.swift */ = {isa = PBXFileReference; lastKnownFileType = sourcecode.swift; path = main.swift; sourceTree = "<group>"; };
		D8B3B5FD27E0D1FB00F5BC1C /* Longest Common Prefix */ = {isa = PBXFileReference; explicitFileType = "compiled.mach-o.executable"; includeInIndex = 0; path = "Longest Common Prefix"; sourceTree = BUILT_PRODUCTS_DIR; };
		D8B3B5FF27E0D1FB00F5BC1C /* main.swift */ = {isa = PBXFileReference; lastKnownFileType = sourcecode.swift; path = main.swift; sourceTree = "<group>"; };
		D8C5651127E37259008334B7 /* Valid Parentheses */ = {isa = PBXFileReference; explicitFileType = "compiled.mach-o.executable"; includeInIndex = 0; path = "Valid Parentheses"; sourceTree = BUILT_PRODUCTS_DIR; };
		D8C5651327E37259008334B7 /* main.swift */ = {isa = PBXFileReference; lastKnownFileType = sourcecode.swift; path = main.swift; sourceTree = "<group>"; };
		D8C8B46D27E1EC1100E985E2 /* 9081_단어 맞추기 */ = {isa = PBXFileReference; explicitFileType = "compiled.mach-o.executable"; includeInIndex = 0; path = "9081_단어 맞추기"; sourceTree = BUILT_PRODUCTS_DIR; };
		D8C8B46F27E1EC1100E985E2 /* main.swift */ = {isa = PBXFileReference; lastKnownFileType = sourcecode.swift; name = main.swift; path = "../9081_단어 맞추기/main.swift"; sourceTree = "<group>"; };
		D8E4064127D33DB20001AF01 /* 2779_블라인드 */ = {isa = PBXFileReference; explicitFileType = "compiled.mach-o.executable"; includeInIndex = 0; path = "2779_블라인드"; sourceTree = BUILT_PRODUCTS_DIR; };
		D8E4064327D33DB20001AF01 /* main.swift */ = {isa = PBXFileReference; lastKnownFileType = sourcecode.swift; name = main.swift; path = "../2779_블라인드/main.swift"; sourceTree = "<group>"; };
		D8EF166627D7AEA700466887 /* Lv2_위장 */ = {isa = PBXFileReference; explicitFileType = "compiled.mach-o.executable"; includeInIndex = 0; path = "Lv2_위장"; sourceTree = BUILT_PRODUCTS_DIR; };
		D8EF166827D7AEA700466887 /* main.swift */ = {isa = PBXFileReference; lastKnownFileType = sourcecode.swift; name = main.swift; path = "../Lv2_위장/main.swift"; sourceTree = "<group>"; };
		D8F45AC927DA2EB700DB741C /* 14889_스타트와 링크 */ = {isa = PBXFileReference; explicitFileType = "compiled.mach-o.executable"; includeInIndex = 0; path = "14889_스타트와 링크"; sourceTree = BUILT_PRODUCTS_DIR; };
		D8F45ACB27DA2EB700DB741C /* main.swift */ = {isa = PBXFileReference; lastKnownFileType = sourcecode.swift; name = main.swift; path = "../14889_스타트와 링크/main.swift"; sourceTree = "<group>"; };
		D8F45ADA27DC780F00DB741C /* codility_binary gap */ = {isa = PBXFileReference; explicitFileType = "compiled.mach-o.executable"; includeInIndex = 0; path = "codility_binary gap"; sourceTree = BUILT_PRODUCTS_DIR; };
		D8F45ADC27DC780F00DB741C /* main.swift */ = {isa = PBXFileReference; lastKnownFileType = sourcecode.swift; path = main.swift; sourceTree = "<group>"; };
		D8F45AE527DC7CF200DB741C /* LeetCode_two sum */ = {isa = PBXFileReference; explicitFileType = "compiled.mach-o.executable"; includeInIndex = 0; path = "LeetCode_two sum"; sourceTree = BUILT_PRODUCTS_DIR; };
		D8F45AE727DC7CF200DB741C /* main.swift */ = {isa = PBXFileReference; lastKnownFileType = sourcecode.swift; path = main.swift; sourceTree = "<group>"; };
		D8F45B3227DDB1FB00DB741C /* Palindrome Number */ = {isa = PBXFileReference; explicitFileType = "compiled.mach-o.executable"; includeInIndex = 0; path = "Palindrome Number"; sourceTree = BUILT_PRODUCTS_DIR; };
		D8F45B3427DDB1FC00DB741C /* main.swift */ = {isa = PBXFileReference; lastKnownFileType = sourcecode.swift; path = main.swift; sourceTree = "<group>"; };
		D8F45B4827DF82A400DB741C /* Romna to Integer */ = {isa = PBXFileReference; explicitFileType = "compiled.mach-o.executable"; includeInIndex = 0; path = "Romna to Integer"; sourceTree = BUILT_PRODUCTS_DIR; };
		D8F45B4A27DF82A400DB741C /* main.swift */ = {isa = PBXFileReference; lastKnownFileType = sourcecode.swift; path = main.swift; sourceTree = "<group>"; };
/* End PBXFileReference section */

/* Begin PBXFrameworksBuildPhase section */
		D81E7ECD27E5F9B800FDC311 /* Frameworks */ = {
			isa = PBXFrameworksBuildPhase;
			buildActionMask = 2147483647;
			files = (
			);
			runOnlyForDeploymentPostprocessing = 0;
		};
		D831FB4327D4E66200F91045 /* Frameworks */ = {
			isa = PBXFrameworksBuildPhase;
			buildActionMask = 2147483647;
			files = (
			);
			runOnlyForDeploymentPostprocessing = 0;
		};
		D8360AE027D7103300F56C07 /* Frameworks */ = {
			isa = PBXFrameworksBuildPhase;
			buildActionMask = 2147483647;
			files = (
			);
			runOnlyForDeploymentPostprocessing = 0;
		};
		D850154627CDC59F00A47757 /* Frameworks */ = {
			isa = PBXFrameworksBuildPhase;
			buildActionMask = 2147483647;
			files = (
			);
			runOnlyForDeploymentPostprocessing = 0;
		};
		D850155127D0E46B00A47757 /* Frameworks */ = {
			isa = PBXFrameworksBuildPhase;
			buildActionMask = 2147483647;
			files = (
			);
			runOnlyForDeploymentPostprocessing = 0;
		};
		D8B24CC527BE71F70064A311 /* Frameworks */ = {
			isa = PBXFrameworksBuildPhase;
			buildActionMask = 2147483647;
			files = (
			);
			runOnlyForDeploymentPostprocessing = 0;
		};
		D8B3B5FA27E0D1FB00F5BC1C /* Frameworks */ = {
			isa = PBXFrameworksBuildPhase;
			buildActionMask = 2147483647;
			files = (
			);
			runOnlyForDeploymentPostprocessing = 0;
		};
		D8C5650E27E37259008334B7 /* Frameworks */ = {
			isa = PBXFrameworksBuildPhase;
			buildActionMask = 2147483647;
			files = (
			);
			runOnlyForDeploymentPostprocessing = 0;
		};
		D8C8B46A27E1EC1100E985E2 /* Frameworks */ = {
			isa = PBXFrameworksBuildPhase;
			buildActionMask = 2147483647;
			files = (
			);
			runOnlyForDeploymentPostprocessing = 0;
		};
		D8E4063E27D33DB20001AF01 /* Frameworks */ = {
			isa = PBXFrameworksBuildPhase;
			buildActionMask = 2147483647;
			files = (
			);
			runOnlyForDeploymentPostprocessing = 0;
		};
		D8EF166327D7AEA700466887 /* Frameworks */ = {
			isa = PBXFrameworksBuildPhase;
			buildActionMask = 2147483647;
			files = (
			);
			runOnlyForDeploymentPostprocessing = 0;
		};
		D8F45AC627DA2EB700DB741C /* Frameworks */ = {
			isa = PBXFrameworksBuildPhase;
			buildActionMask = 2147483647;
			files = (
			);
			runOnlyForDeploymentPostprocessing = 0;
		};
		D8F45AD727DC780F00DB741C /* Frameworks */ = {
			isa = PBXFrameworksBuildPhase;
			buildActionMask = 2147483647;
			files = (
			);
			runOnlyForDeploymentPostprocessing = 0;
		};
		D8F45AE227DC7CF200DB741C /* Frameworks */ = {
			isa = PBXFrameworksBuildPhase;
			buildActionMask = 2147483647;
			files = (
			);
			runOnlyForDeploymentPostprocessing = 0;
		};
		D8F45B2F27DDB1FB00DB741C /* Frameworks */ = {
			isa = PBXFrameworksBuildPhase;
			buildActionMask = 2147483647;
			files = (
			);
			runOnlyForDeploymentPostprocessing = 0;
		};
		D8F45B4527DF82A400DB741C /* Frameworks */ = {
			isa = PBXFrameworksBuildPhase;
			buildActionMask = 2147483647;
			files = (
			);
			runOnlyForDeploymentPostprocessing = 0;
		};
/* End PBXFrameworksBuildPhase section */

/* Begin PBXGroup section */
		D81E7ED127E5F9B800FDC311 /* 16234_인구 이동 */ = {
			isa = PBXGroup;
			children = (
				D81E7ED227E5F9B800FDC311 /* main.swift */,
			);
			name = "16234_인구 이동";
			path = "16234_인구 이동";
			sourceTree = "<group>";
		};
		D831FB4727D4E66200F91045 /* 2941_크로아티아 알파벳 */ = {
			isa = PBXGroup;
			children = (
				D831FB4827D4E66200F91045 /* main.swift */,
			);
			name = "2941_크로아티아 알파벳";
			path = "2941_크로아티아 알파벳";
			sourceTree = "<group>";
		};
		D8360AE427D7103300F56C07 /* 2234_성곽 */ = {
			isa = PBXGroup;
			children = (
				D8360AE527D7103300F56C07 /* main.swift */,
			);
			name = "2234_성곽";
			path = "2234_성곽";
			sourceTree = "<group>";
		};
		D850154A27CDC59F00A47757 /* 17780_새로운 게임 */ = {
			isa = PBXGroup;
			children = (
				D850154B27CDC59F00A47757 /* main.swift */,
			);
			name = "17780_새로운 게임";
			path = "17780_새로운 게임";
			sourceTree = "<group>";
		};
		D850155527D0E46B00A47757 /* Lv2_문자열압축 */ = {
			isa = PBXGroup;
			children = (
				D850155627D0E46B00A47757 /* main.swift */,
			);
			name = "Lv2_문자열압축";
			path = "Lv2_문자열압축";
			sourceTree = "<group>";
		};
		D8B24CBF27BE71F70064A311 = {
			isa = PBXGroup;
			children = (
				D8F45B2D27DDB17000DB741C /* Codility */,
				D8F45B2C27DDB16900DB741C /* LeetCode */,
				D8F45B2B27DDB16100DB741C /* Programmers */,
				D8F45B2A27DDB15400DB741C /* BOJ */,
				D831FB4D27D620FC00F91045 /* .gitignore */,
				D8B24CCA27BE71F70064A311 /* algorithm */,
				D8B24CC927BE71F70064A311 /* Products */,
			);
			sourceTree = "<group>";
		};
		D8B24CC927BE71F70064A311 /* Products */ = {
			isa = PBXGroup;
			children = (
				D8B24CC827BE71F70064A311 /* algorithm */,
				D850154927CDC59F00A47757 /* 17780_새로운 게임 */,
				D850155427D0E46B00A47757 /* Lv2_문자열압축 */,
				D8E4064127D33DB20001AF01 /* 2779_블라인드 */,
				D831FB4627D4E66200F91045 /* 2941_크로아티아 알파벳 */,
				D8360AE327D7103300F56C07 /* 2234_성곽 */,
				D8EF166627D7AEA700466887 /* Lv2_위장 */,
				D8F45AC927DA2EB700DB741C /* 14889_스타트와 링크 */,
				D8F45ADA27DC780F00DB741C /* codility_binary gap */,
				D8F45AE527DC7CF200DB741C /* LeetCode_two sum */,
				D8F45B3227DDB1FB00DB741C /* Palindrome Number */,
				D8F45B4827DF82A400DB741C /* Romna to Integer */,
				D8B3B5FD27E0D1FB00F5BC1C /* Longest Common Prefix */,
				D8C8B46D27E1EC1100E985E2 /* 9081_단어 맞추기 */,
				D8C5651127E37259008334B7 /* Valid Parentheses */,
				D81E7ED027E5F9B800FDC311 /* 16234_인구 이동 */,
			);
			name = Products;
			sourceTree = "<group>";
		};
		D8B24CCA27BE71F70064A311 /* algorithm */ = {
			isa = PBXGroup;
			children = (
				D8B24CCB27BE71F70064A311 /* main.swift */,
			);
			path = algorithm;
			sourceTree = "<group>";
		};
		D8B3B5FE27E0D1FB00F5BC1C /* Longest Common Prefix */ = {
			isa = PBXGroup;
			children = (
				D8B3B5FF27E0D1FB00F5BC1C /* main.swift */,
			);
			path = "Longest Common Prefix";
			sourceTree = "<group>";
		};
		D8C5651227E37259008334B7 /* Valid Parentheses */ = {
			isa = PBXGroup;
			children = (
				D8C5651327E37259008334B7 /* main.swift */,
			);
			path = "Valid Parentheses";
			sourceTree = "<group>";
		};
		D8C8B46E27E1EC1100E985E2 /* 9081_단어 맞추기 */ = {
			isa = PBXGroup;
			children = (
				D8C8B46F27E1EC1100E985E2 /* main.swift */,
			);
			name = "9081_단어 맞추기";
			path = "9081_단어 맞추기";
			sourceTree = "<group>";
		};
		D8E4064227D33DB20001AF01 /* 2779_블라인드 */ = {
			isa = PBXGroup;
			children = (
				D8E4064327D33DB20001AF01 /* main.swift */,
			);
			name = "2779_블라인드";
			path = "2779_블라인드";
			sourceTree = "<group>";
		};
		D8EF166727D7AEA700466887 /* Lv2_위장 */ = {
			isa = PBXGroup;
			children = (
				D8EF166827D7AEA700466887 /* main.swift */,
			);
			name = "Lv2_위장";
			path = "Lv2_위장";
			sourceTree = "<group>";
		};
		D8F45ACA27DA2EB700DB741C /* 14889_스타트와 링크 */ = {
			isa = PBXGroup;
			children = (
				D8F45ACB27DA2EB700DB741C /* main.swift */,
			);
			name = "14889_스타트와 링크";
			path = "14889_스타트와 링크";
			sourceTree = "<group>";
		};
		D8F45ADB27DC780F00DB741C /* binary gap */ = {
			isa = PBXGroup;
			children = (
				D8F45ADC27DC780F00DB741C /* main.swift */,
			);
			path = "binary gap";
			sourceTree = "<group>";
		};
		D8F45AE627DC7CF200DB741C /* two sum */ = {
			isa = PBXGroup;
			children = (
				D8F45AE727DC7CF200DB741C /* main.swift */,
			);
			path = "two sum";
			sourceTree = "<group>";
		};
		D8F45B2A27DDB15400DB741C /* BOJ */ = {
			isa = PBXGroup;
			children = (
				D81E7ED127E5F9B800FDC311 /* 16234_인구 이동 */,
				D8C8B46E27E1EC1100E985E2 /* 9081_단어 맞추기 */,
				D850154A27CDC59F00A47757 /* 17780_새로운 게임 */,
				D8E4064227D33DB20001AF01 /* 2779_블라인드 */,
				D831FB4727D4E66200F91045 /* 2941_크로아티아 알파벳 */,
				D8360AE427D7103300F56C07 /* 2234_성곽 */,
				D8F45ACA27DA2EB700DB741C /* 14889_스타트와 링크 */,
			);
			path = BOJ;
			sourceTree = "<group>";
		};
		D8F45B2B27DDB16100DB741C /* Programmers */ = {
			isa = PBXGroup;
			children = (
				D8EF166727D7AEA700466887 /* Lv2_위장 */,
				D850155527D0E46B00A47757 /* Lv2_문자열압축 */,
			);
			path = Programmers;
			sourceTree = "<group>";
		};
		D8F45B2C27DDB16900DB741C /* LeetCode */ = {
			isa = PBXGroup;
			children = (
				D8C5651227E37259008334B7 /* Valid Parentheses */,
				D8B3B5FE27E0D1FB00F5BC1C /* Longest Common Prefix */,
				D8F45B4927DF82A400DB741C /* Roman to Integer */,
				D8F45B3327DDB1FC00DB741C /* Palindrome Number */,
				D8F45AE627DC7CF200DB741C /* two sum */,
			);
			path = LeetCode;
			sourceTree = "<group>";
		};
		D8F45B2D27DDB17000DB741C /* Codility */ = {
			isa = PBXGroup;
			children = (
				D8F45ADB27DC780F00DB741C /* binary gap */,
			);
			path = Codility;
			sourceTree = "<group>";
		};
		D8F45B3327DDB1FC00DB741C /* Palindrome Number */ = {
			isa = PBXGroup;
			children = (
				D8F45B3427DDB1FC00DB741C /* main.swift */,
			);
			path = "Palindrome Number";
			sourceTree = "<group>";
		};
		D8F45B4927DF82A400DB741C /* Roman to Integer */ = {
			isa = PBXGroup;
			children = (
				D8F45B4A27DF82A400DB741C /* main.swift */,
			);
			path = "Roman to Integer";
			sourceTree = "<group>";
		};
/* End PBXGroup section */

/* Begin PBXNativeTarget section */
		D81E7ECF27E5F9B800FDC311 /* 16234_인구 이동 */ = {
			isa = PBXNativeTarget;
			buildConfigurationList = D81E7ED627E5F9B800FDC311 /* Build configuration list for PBXNativeTarget "16234_인구 이동" */;
			buildPhases = (
				D81E7ECC27E5F9B800FDC311 /* Sources */,
				D81E7ECD27E5F9B800FDC311 /* Frameworks */,
				D81E7ECE27E5F9B800FDC311 /* CopyFiles */,
			);
			buildRules = (
			);
			dependencies = (
			);
			name = "16234_인구 이동";
			productName = "16234_인구 이동";
			productReference = D81E7ED027E5F9B800FDC311 /* 16234_인구 이동 */;
			productType = "com.apple.product-type.tool";
		};
		D831FB4527D4E66200F91045 /* 2941_크로아티아 알파벳 */ = {
			isa = PBXNativeTarget;
			buildConfigurationList = D831FB4A27D4E66200F91045 /* Build configuration list for PBXNativeTarget "2941_크로아티아 알파벳" */;
			buildPhases = (
				D831FB4227D4E66200F91045 /* Sources */,
				D831FB4327D4E66200F91045 /* Frameworks */,
				D831FB4427D4E66200F91045 /* CopyFiles */,
			);
			buildRules = (
			);
			dependencies = (
			);
			name = "2941_크로아티아 알파벳";
			productName = "2941_크로아티아 알파벳";
			productReference = D831FB4627D4E66200F91045 /* 2941_크로아티아 알파벳 */;
			productType = "com.apple.product-type.tool";
		};
		D8360AE227D7103300F56C07 /* 2234_성곽 */ = {
			isa = PBXNativeTarget;
			buildConfigurationList = D8360AE927D7103300F56C07 /* Build configuration list for PBXNativeTarget "2234_성곽" */;
			buildPhases = (
				D8360ADF27D7103300F56C07 /* Sources */,
				D8360AE027D7103300F56C07 /* Frameworks */,
				D8360AE127D7103300F56C07 /* CopyFiles */,
			);
			buildRules = (
			);
			dependencies = (
			);
			name = "2234_성곽";
			productName = "2234_성곽";
			productReference = D8360AE327D7103300F56C07 /* 2234_성곽 */;
			productType = "com.apple.product-type.tool";
		};
		D850154827CDC59F00A47757 /* 17780_새로운 게임 */ = {
			isa = PBXNativeTarget;
			buildConfigurationList = D850154F27CDC59F00A47757 /* Build configuration list for PBXNativeTarget "17780_새로운 게임" */;
			buildPhases = (
				D850154527CDC59F00A47757 /* Sources */,
				D850154627CDC59F00A47757 /* Frameworks */,
				D850154727CDC59F00A47757 /* CopyFiles */,
			);
			buildRules = (
			);
			dependencies = (
			);
			name = "17780_새로운 게임";
			productName = "17780_새로운 게임";
			productReference = D850154927CDC59F00A47757 /* 17780_새로운 게임 */;
			productType = "com.apple.product-type.tool";
		};
		D850155327D0E46B00A47757 /* Lv2_문자열압축 */ = {
			isa = PBXNativeTarget;
			buildConfigurationList = D850155A27D0E46B00A47757 /* Build configuration list for PBXNativeTarget "Lv2_문자열압축" */;
			buildPhases = (
				D850155027D0E46B00A47757 /* Sources */,
				D850155127D0E46B00A47757 /* Frameworks */,
				D850155227D0E46B00A47757 /* CopyFiles */,
			);
			buildRules = (
			);
			dependencies = (
			);
			name = "Lv2_문자열압축";
			productName = "Lv2_문자열압축";
			productReference = D850155427D0E46B00A47757 /* Lv2_문자열압축 */;
			productType = "com.apple.product-type.tool";
		};
		D8B24CC727BE71F70064A311 /* algorithm */ = {
			isa = PBXNativeTarget;
			buildConfigurationList = D8B24CCF27BE71F70064A311 /* Build configuration list for PBXNativeTarget "algorithm" */;
			buildPhases = (
				D8B24CC427BE71F70064A311 /* Sources */,
				D8B24CC527BE71F70064A311 /* Frameworks */,
				D8B24CC627BE71F70064A311 /* CopyFiles */,
			);
			buildRules = (
			);
			dependencies = (
			);
			name = algorithm;
			productName = algorithm;
			productReference = D8B24CC827BE71F70064A311 /* algorithm */;
			productType = "com.apple.product-type.tool";
		};
		D8B3B5FC27E0D1FB00F5BC1C /* Longest Common Prefix */ = {
			isa = PBXNativeTarget;
			buildConfigurationList = D8B3B60327E0D1FB00F5BC1C /* Build configuration list for PBXNativeTarget "Longest Common Prefix" */;
			buildPhases = (
				D8B3B5F927E0D1FB00F5BC1C /* Sources */,
				D8B3B5FA27E0D1FB00F5BC1C /* Frameworks */,
				D8B3B5FB27E0D1FB00F5BC1C /* CopyFiles */,
			);
			buildRules = (
			);
			dependencies = (
			);
			name = "Longest Common Prefix";
			productName = "Longest Common Prefix";
			productReference = D8B3B5FD27E0D1FB00F5BC1C /* Longest Common Prefix */;
			productType = "com.apple.product-type.tool";
		};
		D8C5651027E37259008334B7 /* Valid Parentheses */ = {
			isa = PBXNativeTarget;
			buildConfigurationList = D8C5651727E37259008334B7 /* Build configuration list for PBXNativeTarget "Valid Parentheses" */;
			buildPhases = (
				D8C5650D27E37259008334B7 /* Sources */,
				D8C5650E27E37259008334B7 /* Frameworks */,
				D8C5650F27E37259008334B7 /* CopyFiles */,
			);
			buildRules = (
			);
			dependencies = (
			);
			name = "Valid Parentheses";
			productName = "Valid Parentheses";
			productReference = D8C5651127E37259008334B7 /* Valid Parentheses */;
			productType = "com.apple.product-type.tool";
		};
		D8C8B46C27E1EC1100E985E2 /* 9081_단어 맞추기 */ = {
			isa = PBXNativeTarget;
			buildConfigurationList = D8C8B47327E1EC1100E985E2 /* Build configuration list for PBXNativeTarget "9081_단어 맞추기" */;
			buildPhases = (
				D8C8B46927E1EC1100E985E2 /* Sources */,
				D8C8B46A27E1EC1100E985E2 /* Frameworks */,
				D8C8B46B27E1EC1100E985E2 /* CopyFiles */,
			);
			buildRules = (
			);
			dependencies = (
			);
			name = "9081_단어 맞추기";
			productName = "9081_단어 맞추기";
			productReference = D8C8B46D27E1EC1100E985E2 /* 9081_단어 맞추기 */;
			productType = "com.apple.product-type.tool";
		};
		D8E4064027D33DB20001AF01 /* 2779_블라인드 */ = {
			isa = PBXNativeTarget;
			buildConfigurationList = D8E4064727D33DB20001AF01 /* Build configuration list for PBXNativeTarget "2779_블라인드" */;
			buildPhases = (
				D8E4063D27D33DB20001AF01 /* Sources */,
				D8E4063E27D33DB20001AF01 /* Frameworks */,
				D8E4063F27D33DB20001AF01 /* CopyFiles */,
			);
			buildRules = (
			);
			dependencies = (
			);
			name = "2779_블라인드";
			productName = "2779_블라인드";
			productReference = D8E4064127D33DB20001AF01 /* 2779_블라인드 */;
			productType = "com.apple.product-type.tool";
		};
		D8EF166527D7AEA700466887 /* Lv2_위장 */ = {
			isa = PBXNativeTarget;
			buildConfigurationList = D8EF166C27D7AEA700466887 /* Build configuration list for PBXNativeTarget "Lv2_위장" */;
			buildPhases = (
				D8EF166227D7AEA700466887 /* Sources */,
				D8EF166327D7AEA700466887 /* Frameworks */,
				D8EF166427D7AEA700466887 /* CopyFiles */,
			);
			buildRules = (
			);
			dependencies = (
			);
			name = "Lv2_위장";
			productName = "Lv2_위장";
			productReference = D8EF166627D7AEA700466887 /* Lv2_위장 */;
			productType = "com.apple.product-type.tool";
		};
		D8F45AC827DA2EB700DB741C /* 14889_스타트와 링크 */ = {
			isa = PBXNativeTarget;
			buildConfigurationList = D8F45ACF27DA2EB700DB741C /* Build configuration list for PBXNativeTarget "14889_스타트와 링크" */;
			buildPhases = (
				D8F45AC527DA2EB700DB741C /* Sources */,
				D8F45AC627DA2EB700DB741C /* Frameworks */,
				D8F45AC727DA2EB700DB741C /* CopyFiles */,
			);
			buildRules = (
			);
			dependencies = (
			);
			name = "14889_스타트와 링크";
			productName = "14889_스타트와 링크";
			productReference = D8F45AC927DA2EB700DB741C /* 14889_스타트와 링크 */;
			productType = "com.apple.product-type.tool";
		};
		D8F45AD927DC780F00DB741C /* codility_binary gap */ = {
			isa = PBXNativeTarget;
			buildConfigurationList = D8F45AE027DC780F00DB741C /* Build configuration list for PBXNativeTarget "codility_binary gap" */;
			buildPhases = (
				D8F45AD627DC780F00DB741C /* Sources */,
				D8F45AD727DC780F00DB741C /* Frameworks */,
				D8F45AD827DC780F00DB741C /* CopyFiles */,
			);
			buildRules = (
			);
			dependencies = (
			);
			name = "codility_binary gap";
			productName = "codility_binary gap";
			productReference = D8F45ADA27DC780F00DB741C /* codility_binary gap */;
			productType = "com.apple.product-type.tool";
		};
		D8F45AE427DC7CF200DB741C /* LeetCode_two sum */ = {
			isa = PBXNativeTarget;
			buildConfigurationList = D8F45AE927DC7CF200DB741C /* Build configuration list for PBXNativeTarget "LeetCode_two sum" */;
			buildPhases = (
				D8F45AE127DC7CF200DB741C /* Sources */,
				D8F45AE227DC7CF200DB741C /* Frameworks */,
				D8F45AE327DC7CF200DB741C /* CopyFiles */,
			);
			buildRules = (
			);
			dependencies = (
			);
			name = "LeetCode_two sum";
			productName = "LeetCode_two sum";
			productReference = D8F45AE527DC7CF200DB741C /* LeetCode_two sum */;
			productType = "com.apple.product-type.tool";
		};
		D8F45B3127DDB1FB00DB741C /* Palindrome Number */ = {
			isa = PBXNativeTarget;
			buildConfigurationList = D8F45B3627DDB1FC00DB741C /* Build configuration list for PBXNativeTarget "Palindrome Number" */;
			buildPhases = (
				D8F45B2E27DDB1FB00DB741C /* Sources */,
				D8F45B2F27DDB1FB00DB741C /* Frameworks */,
				D8F45B3027DDB1FB00DB741C /* CopyFiles */,
			);
			buildRules = (
			);
			dependencies = (
			);
			name = "Palindrome Number";
			productName = "Palindrome Number";
			productReference = D8F45B3227DDB1FB00DB741C /* Palindrome Number */;
			productType = "com.apple.product-type.tool";
		};
		D8F45B4727DF82A400DB741C /* Romna to Integer */ = {
			isa = PBXNativeTarget;
			buildConfigurationList = D8F45B4C27DF82A400DB741C /* Build configuration list for PBXNativeTarget "Romna to Integer" */;
			buildPhases = (
				D8F45B4427DF82A400DB741C /* Sources */,
				D8F45B4527DF82A400DB741C /* Frameworks */,
				D8F45B4627DF82A400DB741C /* CopyFiles */,
			);
			buildRules = (
			);
			dependencies = (
			);
			name = "Romna to Integer";
			productName = "Romna to Integer";
			productReference = D8F45B4827DF82A400DB741C /* Romna to Integer */;
			productType = "com.apple.product-type.tool";
		};
/* End PBXNativeTarget section */

/* Begin PBXProject section */
		D8B24CC027BE71F70064A311 /* Project object */ = {
			isa = PBXProject;
			attributes = {
				BuildIndependentTargetsInParallel = 1;
				LastSwiftUpdateCheck = 1310;
				LastUpgradeCheck = 1310;
				TargetAttributes = {
					D81E7ECF27E5F9B800FDC311 = {
						CreatedOnToolsVersion = 13.1;
					};
					D831FB4527D4E66200F91045 = {
						CreatedOnToolsVersion = 13.1;
					};
					D8360AE227D7103300F56C07 = {
						CreatedOnToolsVersion = 13.1;
					};
					D850154827CDC59F00A47757 = {
						CreatedOnToolsVersion = 13.1;
					};
					D850155327D0E46B00A47757 = {
						CreatedOnToolsVersion = 13.1;
					};
					D8B24CC727BE71F70064A311 = {
						CreatedOnToolsVersion = 13.1;
					};
					D8B3B5FC27E0D1FB00F5BC1C = {
						CreatedOnToolsVersion = 13.1;
					};
					D8C5651027E37259008334B7 = {
						CreatedOnToolsVersion = 13.1;
					};
					D8C8B46C27E1EC1100E985E2 = {
						CreatedOnToolsVersion = 13.1;
					};
					D8E4064027D33DB20001AF01 = {
						CreatedOnToolsVersion = 13.1;
					};
					D8EF166527D7AEA700466887 = {
						CreatedOnToolsVersion = 13.1;
					};
					D8F45AC827DA2EB700DB741C = {
						CreatedOnToolsVersion = 13.1;
					};
					D8F45AD927DC780F00DB741C = {
						CreatedOnToolsVersion = 13.1;
					};
					D8F45AE427DC7CF200DB741C = {
						CreatedOnToolsVersion = 13.1;
					};
					D8F45B3127DDB1FB00DB741C = {
						CreatedOnToolsVersion = 13.1;
					};
					D8F45B4727DF82A400DB741C = {
						CreatedOnToolsVersion = 13.1;
					};
				};
			};
			buildConfigurationList = D8B24CC327BE71F70064A311 /* Build configuration list for PBXProject "algorithm" */;
			compatibilityVersion = "Xcode 13.0";
			developmentRegion = en;
			hasScannedForEncodings = 0;
			knownRegions = (
				en,
				Base,
			);
			mainGroup = D8B24CBF27BE71F70064A311;
			productRefGroup = D8B24CC927BE71F70064A311 /* Products */;
			projectDirPath = "";
			projectRoot = "";
			targets = (
				D8B24CC727BE71F70064A311 /* algorithm */,
				D850154827CDC59F00A47757 /* 17780_새로운 게임 */,
				D850155327D0E46B00A47757 /* Lv2_문자열압축 */,
				D8E4064027D33DB20001AF01 /* 2779_블라인드 */,
				D831FB4527D4E66200F91045 /* 2941_크로아티아 알파벳 */,
				D8360AE227D7103300F56C07 /* 2234_성곽 */,
				D8EF166527D7AEA700466887 /* Lv2_위장 */,
				D8F45AC827DA2EB700DB741C /* 14889_스타트와 링크 */,
				D8F45AD927DC780F00DB741C /* codility_binary gap */,
				D8F45AE427DC7CF200DB741C /* LeetCode_two sum */,
				D8F45B3127DDB1FB00DB741C /* Palindrome Number */,
				D8F45B4727DF82A400DB741C /* Romna to Integer */,
				D8B3B5FC27E0D1FB00F5BC1C /* Longest Common Prefix */,
				D8C8B46C27E1EC1100E985E2 /* 9081_단어 맞추기 */,
				D8C5651027E37259008334B7 /* Valid Parentheses */,
				D81E7ECF27E5F9B800FDC311 /* 16234_인구 이동 */,
			);
		};
/* End PBXProject section */

/* Begin PBXSourcesBuildPhase section */
		D81E7ECC27E5F9B800FDC311 /* Sources */ = {
			isa = PBXSourcesBuildPhase;
			buildActionMask = 2147483647;
			files = (
				D81E7ED327E5F9B800FDC311 /* main.swift in Sources */,
			);
			runOnlyForDeploymentPostprocessing = 0;
		};
		D831FB4227D4E66200F91045 /* Sources */ = {
			isa = PBXSourcesBuildPhase;
			buildActionMask = 2147483647;
			files = (
				D831FB4927D4E66200F91045 /* main.swift in Sources */,
			);
			runOnlyForDeploymentPostprocessing = 0;
		};
		D8360ADF27D7103300F56C07 /* Sources */ = {
			isa = PBXSourcesBuildPhase;
			buildActionMask = 2147483647;
			files = (
				D8360AE627D7103300F56C07 /* main.swift in Sources */,
			);
			runOnlyForDeploymentPostprocessing = 0;
		};
		D850154527CDC59F00A47757 /* Sources */ = {
			isa = PBXSourcesBuildPhase;
			buildActionMask = 2147483647;
			files = (
				D850154C27CDC59F00A47757 /* main.swift in Sources */,
			);
			runOnlyForDeploymentPostprocessing = 0;
		};
		D850155027D0E46B00A47757 /* Sources */ = {
			isa = PBXSourcesBuildPhase;
			buildActionMask = 2147483647;
			files = (
				D850155727D0E46B00A47757 /* main.swift in Sources */,
			);
			runOnlyForDeploymentPostprocessing = 0;
		};
		D8B24CC427BE71F70064A311 /* Sources */ = {
			isa = PBXSourcesBuildPhase;
			buildActionMask = 2147483647;
			files = (
				D8B24CCC27BE71F70064A311 /* main.swift in Sources */,
			);
			runOnlyForDeploymentPostprocessing = 0;
		};
		D8B3B5F927E0D1FB00F5BC1C /* Sources */ = {
			isa = PBXSourcesBuildPhase;
			buildActionMask = 2147483647;
			files = (
				D8B3B60027E0D1FB00F5BC1C /* main.swift in Sources */,
			);
			runOnlyForDeploymentPostprocessing = 0;
		};
		D8C5650D27E37259008334B7 /* Sources */ = {
			isa = PBXSourcesBuildPhase;
			buildActionMask = 2147483647;
			files = (
				D8C5651427E37259008334B7 /* main.swift in Sources */,
			);
			runOnlyForDeploymentPostprocessing = 0;
		};
		D8C8B46927E1EC1100E985E2 /* Sources */ = {
			isa = PBXSourcesBuildPhase;
			buildActionMask = 2147483647;
			files = (
				D8C8B47027E1EC1100E985E2 /* main.swift in Sources */,
			);
			runOnlyForDeploymentPostprocessing = 0;
		};
		D8E4063D27D33DB20001AF01 /* Sources */ = {
			isa = PBXSourcesBuildPhase;
			buildActionMask = 2147483647;
			files = (
				D8E4064427D33DB20001AF01 /* main.swift in Sources */,
			);
			runOnlyForDeploymentPostprocessing = 0;
		};
		D8EF166227D7AEA700466887 /* Sources */ = {
			isa = PBXSourcesBuildPhase;
			buildActionMask = 2147483647;
			files = (
				D8EF166927D7AEA700466887 /* main.swift in Sources */,
			);
			runOnlyForDeploymentPostprocessing = 0;
		};
		D8F45AC527DA2EB700DB741C /* Sources */ = {
			isa = PBXSourcesBuildPhase;
			buildActionMask = 2147483647;
			files = (
				D8F45ACC27DA2EB700DB741C /* main.swift in Sources */,
			);
			runOnlyForDeploymentPostprocessing = 0;
		};
		D8F45AD627DC780F00DB741C /* Sources */ = {
			isa = PBXSourcesBuildPhase;
			buildActionMask = 2147483647;
			files = (
				D8F45ADD27DC780F00DB741C /* main.swift in Sources */,
			);
			runOnlyForDeploymentPostprocessing = 0;
		};
		D8F45AE127DC7CF200DB741C /* Sources */ = {
			isa = PBXSourcesBuildPhase;
			buildActionMask = 2147483647;
			files = (
				D8F45AE827DC7CF200DB741C /* main.swift in Sources */,
			);
			runOnlyForDeploymentPostprocessing = 0;
		};
		D8F45B2E27DDB1FB00DB741C /* Sources */ = {
			isa = PBXSourcesBuildPhase;
			buildActionMask = 2147483647;
			files = (
				D8F45B3527DDB1FC00DB741C /* main.swift in Sources */,
			);
			runOnlyForDeploymentPostprocessing = 0;
		};
		D8F45B4427DF82A400DB741C /* Sources */ = {
			isa = PBXSourcesBuildPhase;
			buildActionMask = 2147483647;
			files = (
				D8F45B4B27DF82A400DB741C /* main.swift in Sources */,
			);
			runOnlyForDeploymentPostprocessing = 0;
		};
/* End PBXSourcesBuildPhase section */

/* Begin XCBuildConfiguration section */
		D81E7ED427E5F9B800FDC311 /* Debug */ = {
			isa = XCBuildConfiguration;
			buildSettings = {
				CODE_SIGN_STYLE = Automatic;
				DEVELOPMENT_TEAM = SLD3XB8ML6;
				ENABLE_HARDENED_RUNTIME = YES;
				PRODUCT_NAME = "$(TARGET_NAME)";
				SWIFT_VERSION = 5.0;
			};
			name = Debug;
		};
		D81E7ED527E5F9B800FDC311 /* Release */ = {
			isa = XCBuildConfiguration;
			buildSettings = {
				CODE_SIGN_STYLE = Automatic;
				DEVELOPMENT_TEAM = SLD3XB8ML6;
				ENABLE_HARDENED_RUNTIME = YES;
				PRODUCT_NAME = "$(TARGET_NAME)";
				SWIFT_VERSION = 5.0;
			};
			name = Release;
		};
		D831FB4B27D4E66200F91045 /* Debug */ = {
			isa = XCBuildConfiguration;
			buildSettings = {
				CODE_SIGN_STYLE = Automatic;
				DEVELOPMENT_TEAM = SLD3XB8ML6;
				ENABLE_HARDENED_RUNTIME = YES;
				PRODUCT_NAME = "$(TARGET_NAME)";
				SWIFT_VERSION = 5.0;
			};
			name = Debug;
		};
		D831FB4C27D4E66200F91045 /* Release */ = {
			isa = XCBuildConfiguration;
			buildSettings = {
				CODE_SIGN_STYLE = Automatic;
				DEVELOPMENT_TEAM = SLD3XB8ML6;
				ENABLE_HARDENED_RUNTIME = YES;
				PRODUCT_NAME = "$(TARGET_NAME)";
				SWIFT_VERSION = 5.0;
			};
			name = Release;
		};
		D8360AE727D7103300F56C07 /* Debug */ = {
			isa = XCBuildConfiguration;
			buildSettings = {
				CODE_SIGN_STYLE = Automatic;
				DEVELOPMENT_TEAM = SLD3XB8ML6;
				ENABLE_HARDENED_RUNTIME = YES;
				PRODUCT_NAME = "$(TARGET_NAME)";
				SWIFT_VERSION = 5.0;
			};
			name = Debug;
		};
		D8360AE827D7103300F56C07 /* Release */ = {
			isa = XCBuildConfiguration;
			buildSettings = {
				CODE_SIGN_STYLE = Automatic;
				DEVELOPMENT_TEAM = SLD3XB8ML6;
				ENABLE_HARDENED_RUNTIME = YES;
				PRODUCT_NAME = "$(TARGET_NAME)";
				SWIFT_VERSION = 5.0;
			};
			name = Release;
		};
		D850154D27CDC59F00A47757 /* Debug */ = {
			isa = XCBuildConfiguration;
			buildSettings = {
				CODE_SIGN_STYLE = Automatic;
				DEVELOPMENT_TEAM = SLD3XB8ML6;
				ENABLE_HARDENED_RUNTIME = YES;
				PRODUCT_NAME = "$(TARGET_NAME)";
				SWIFT_VERSION = 5.0;
			};
			name = Debug;
		};
		D850154E27CDC59F00A47757 /* Release */ = {
			isa = XCBuildConfiguration;
			buildSettings = {
				CODE_SIGN_STYLE = Automatic;
				DEVELOPMENT_TEAM = SLD3XB8ML6;
				ENABLE_HARDENED_RUNTIME = YES;
				PRODUCT_NAME = "$(TARGET_NAME)";
				SWIFT_VERSION = 5.0;
			};
			name = Release;
		};
		D850155827D0E46B00A47757 /* Debug */ = {
			isa = XCBuildConfiguration;
			buildSettings = {
				CODE_SIGN_STYLE = Automatic;
				DEVELOPMENT_TEAM = SLD3XB8ML6;
				ENABLE_HARDENED_RUNTIME = YES;
				PRODUCT_NAME = "$(TARGET_NAME)";
				SWIFT_VERSION = 5.0;
			};
			name = Debug;
		};
		D850155927D0E46B00A47757 /* Release */ = {
			isa = XCBuildConfiguration;
			buildSettings = {
				CODE_SIGN_STYLE = Automatic;
				DEVELOPMENT_TEAM = SLD3XB8ML6;
				ENABLE_HARDENED_RUNTIME = YES;
				PRODUCT_NAME = "$(TARGET_NAME)";
				SWIFT_VERSION = 5.0;
			};
			name = Release;
		};
		D8B24CCD27BE71F70064A311 /* Debug */ = {
			isa = XCBuildConfiguration;
			buildSettings = {
				ALWAYS_SEARCH_USER_PATHS = NO;
				CLANG_ANALYZER_NONNULL = YES;
				CLANG_ANALYZER_NUMBER_OBJECT_CONVERSION = YES_AGGRESSIVE;
				CLANG_CXX_LANGUAGE_STANDARD = "gnu++17";
				CLANG_CXX_LIBRARY = "libc++";
				CLANG_ENABLE_MODULES = YES;
				CLANG_ENABLE_OBJC_ARC = YES;
				CLANG_ENABLE_OBJC_WEAK = YES;
				CLANG_WARN_BLOCK_CAPTURE_AUTORELEASING = YES;
				CLANG_WARN_BOOL_CONVERSION = YES;
				CLANG_WARN_COMMA = YES;
				CLANG_WARN_CONSTANT_CONVERSION = YES;
				CLANG_WARN_DEPRECATED_OBJC_IMPLEMENTATIONS = YES;
				CLANG_WARN_DIRECT_OBJC_ISA_USAGE = YES_ERROR;
				CLANG_WARN_DOCUMENTATION_COMMENTS = YES;
				CLANG_WARN_EMPTY_BODY = YES;
				CLANG_WARN_ENUM_CONVERSION = YES;
				CLANG_WARN_INFINITE_RECURSION = YES;
				CLANG_WARN_INT_CONVERSION = YES;
				CLANG_WARN_NON_LITERAL_NULL_CONVERSION = YES;
				CLANG_WARN_OBJC_IMPLICIT_RETAIN_SELF = YES;
				CLANG_WARN_OBJC_LITERAL_CONVERSION = YES;
				CLANG_WARN_OBJC_ROOT_CLASS = YES_ERROR;
				CLANG_WARN_QUOTED_INCLUDE_IN_FRAMEWORK_HEADER = YES;
				CLANG_WARN_RANGE_LOOP_ANALYSIS = YES;
				CLANG_WARN_STRICT_PROTOTYPES = YES;
				CLANG_WARN_SUSPICIOUS_MOVE = YES;
				CLANG_WARN_UNGUARDED_AVAILABILITY = YES_AGGRESSIVE;
				CLANG_WARN_UNREACHABLE_CODE = YES;
				CLANG_WARN__DUPLICATE_METHOD_MATCH = YES;
				COPY_PHASE_STRIP = NO;
				DEBUG_INFORMATION_FORMAT = dwarf;
				ENABLE_STRICT_OBJC_MSGSEND = YES;
				ENABLE_TESTABILITY = YES;
				GCC_C_LANGUAGE_STANDARD = gnu11;
				GCC_DYNAMIC_NO_PIC = NO;
				GCC_NO_COMMON_BLOCKS = YES;
				GCC_OPTIMIZATION_LEVEL = 0;
				GCC_PREPROCESSOR_DEFINITIONS = (
					"DEBUG=1",
					"$(inherited)",
				);
				GCC_WARN_64_TO_32_BIT_CONVERSION = YES;
				GCC_WARN_ABOUT_RETURN_TYPE = YES_ERROR;
				GCC_WARN_UNDECLARED_SELECTOR = YES;
				GCC_WARN_UNINITIALIZED_AUTOS = YES_AGGRESSIVE;
				GCC_WARN_UNUSED_FUNCTION = YES;
				GCC_WARN_UNUSED_VARIABLE = YES;
				MACOSX_DEPLOYMENT_TARGET = 12.0;
				MTL_ENABLE_DEBUG_INFO = INCLUDE_SOURCE;
				MTL_FAST_MATH = YES;
				ONLY_ACTIVE_ARCH = YES;
				SDKROOT = macosx;
				SWIFT_ACTIVE_COMPILATION_CONDITIONS = DEBUG;
				SWIFT_OPTIMIZATION_LEVEL = "-Onone";
			};
			name = Debug;
		};
		D8B24CCE27BE71F70064A311 /* Release */ = {
			isa = XCBuildConfiguration;
			buildSettings = {
				ALWAYS_SEARCH_USER_PATHS = NO;
				CLANG_ANALYZER_NONNULL = YES;
				CLANG_ANALYZER_NUMBER_OBJECT_CONVERSION = YES_AGGRESSIVE;
				CLANG_CXX_LANGUAGE_STANDARD = "gnu++17";
				CLANG_CXX_LIBRARY = "libc++";
				CLANG_ENABLE_MODULES = YES;
				CLANG_ENABLE_OBJC_ARC = YES;
				CLANG_ENABLE_OBJC_WEAK = YES;
				CLANG_WARN_BLOCK_CAPTURE_AUTORELEASING = YES;
				CLANG_WARN_BOOL_CONVERSION = YES;
				CLANG_WARN_COMMA = YES;
				CLANG_WARN_CONSTANT_CONVERSION = YES;
				CLANG_WARN_DEPRECATED_OBJC_IMPLEMENTATIONS = YES;
				CLANG_WARN_DIRECT_OBJC_ISA_USAGE = YES_ERROR;
				CLANG_WARN_DOCUMENTATION_COMMENTS = YES;
				CLANG_WARN_EMPTY_BODY = YES;
				CLANG_WARN_ENUM_CONVERSION = YES;
				CLANG_WARN_INFINITE_RECURSION = YES;
				CLANG_WARN_INT_CONVERSION = YES;
				CLANG_WARN_NON_LITERAL_NULL_CONVERSION = YES;
				CLANG_WARN_OBJC_IMPLICIT_RETAIN_SELF = YES;
				CLANG_WARN_OBJC_LITERAL_CONVERSION = YES;
				CLANG_WARN_OBJC_ROOT_CLASS = YES_ERROR;
				CLANG_WARN_QUOTED_INCLUDE_IN_FRAMEWORK_HEADER = YES;
				CLANG_WARN_RANGE_LOOP_ANALYSIS = YES;
				CLANG_WARN_STRICT_PROTOTYPES = YES;
				CLANG_WARN_SUSPICIOUS_MOVE = YES;
				CLANG_WARN_UNGUARDED_AVAILABILITY = YES_AGGRESSIVE;
				CLANG_WARN_UNREACHABLE_CODE = YES;
				CLANG_WARN__DUPLICATE_METHOD_MATCH = YES;
				COPY_PHASE_STRIP = NO;
				DEBUG_INFORMATION_FORMAT = "dwarf-with-dsym";
				ENABLE_NS_ASSERTIONS = NO;
				ENABLE_STRICT_OBJC_MSGSEND = YES;
				GCC_C_LANGUAGE_STANDARD = gnu11;
				GCC_NO_COMMON_BLOCKS = YES;
				GCC_WARN_64_TO_32_BIT_CONVERSION = YES;
				GCC_WARN_ABOUT_RETURN_TYPE = YES_ERROR;
				GCC_WARN_UNDECLARED_SELECTOR = YES;
				GCC_WARN_UNINITIALIZED_AUTOS = YES_AGGRESSIVE;
				GCC_WARN_UNUSED_FUNCTION = YES;
				GCC_WARN_UNUSED_VARIABLE = YES;
				MACOSX_DEPLOYMENT_TARGET = 12.0;
				MTL_ENABLE_DEBUG_INFO = NO;
				MTL_FAST_MATH = YES;
				SDKROOT = macosx;
				SWIFT_COMPILATION_MODE = wholemodule;
				SWIFT_OPTIMIZATION_LEVEL = "-O";
			};
			name = Release;
		};
		D8B24CD027BE71F70064A311 /* Debug */ = {
			isa = XCBuildConfiguration;
			buildSettings = {
				CODE_SIGN_STYLE = Automatic;
				DEVELOPMENT_TEAM = SLD3XB8ML6;
				ENABLE_HARDENED_RUNTIME = YES;
				PRODUCT_NAME = "$(TARGET_NAME)";
				SWIFT_VERSION = 5.0;
			};
			name = Debug;
		};
		D8B24CD127BE71F70064A311 /* Release */ = {
			isa = XCBuildConfiguration;
			buildSettings = {
				CODE_SIGN_STYLE = Automatic;
				DEVELOPMENT_TEAM = SLD3XB8ML6;
				ENABLE_HARDENED_RUNTIME = YES;
				PRODUCT_NAME = "$(TARGET_NAME)";
				SWIFT_VERSION = 5.0;
			};
			name = Release;
		};
		D8B3B60127E0D1FB00F5BC1C /* Debug */ = {
			isa = XCBuildConfiguration;
			buildSettings = {
				CODE_SIGN_STYLE = Automatic;
				DEVELOPMENT_TEAM = SLD3XB8ML6;
				ENABLE_HARDENED_RUNTIME = YES;
				PRODUCT_NAME = "$(TARGET_NAME)";
				SWIFT_VERSION = 5.0;
			};
			name = Debug;
		};
		D8B3B60227E0D1FB00F5BC1C /* Release */ = {
			isa = XCBuildConfiguration;
			buildSettings = {
				CODE_SIGN_STYLE = Automatic;
				DEVELOPMENT_TEAM = SLD3XB8ML6;
				ENABLE_HARDENED_RUNTIME = YES;
				PRODUCT_NAME = "$(TARGET_NAME)";
				SWIFT_VERSION = 5.0;
			};
			name = Release;
		};
		D8C5651527E37259008334B7 /* Debug */ = {
			isa = XCBuildConfiguration;
			buildSettings = {
				CODE_SIGN_STYLE = Automatic;
				DEVELOPMENT_TEAM = SLD3XB8ML6;
				ENABLE_HARDENED_RUNTIME = YES;
				PRODUCT_NAME = "$(TARGET_NAME)";
				SWIFT_VERSION = 5.0;
			};
			name = Debug;
		};
		D8C5651627E37259008334B7 /* Release */ = {
			isa = XCBuildConfiguration;
			buildSettings = {
				CODE_SIGN_STYLE = Automatic;
				DEVELOPMENT_TEAM = SLD3XB8ML6;
				ENABLE_HARDENED_RUNTIME = YES;
				PRODUCT_NAME = "$(TARGET_NAME)";
				SWIFT_VERSION = 5.0;
			};
			name = Release;
		};
		D8C8B47127E1EC1100E985E2 /* Debug */ = {
			isa = XCBuildConfiguration;
			buildSettings = {
				CODE_SIGN_STYLE = Automatic;
				DEVELOPMENT_TEAM = SLD3XB8ML6;
				ENABLE_HARDENED_RUNTIME = YES;
				PRODUCT_NAME = "$(TARGET_NAME)";
				SWIFT_VERSION = 5.0;
			};
			name = Debug;
		};
		D8C8B47227E1EC1100E985E2 /* Release */ = {
			isa = XCBuildConfiguration;
			buildSettings = {
				CODE_SIGN_STYLE = Automatic;
				DEVELOPMENT_TEAM = SLD3XB8ML6;
				ENABLE_HARDENED_RUNTIME = YES;
				PRODUCT_NAME = "$(TARGET_NAME)";
				SWIFT_VERSION = 5.0;
			};
			name = Release;
		};
		D8E4064527D33DB20001AF01 /* Debug */ = {
			isa = XCBuildConfiguration;
			buildSettings = {
				CODE_SIGN_STYLE = Automatic;
				DEVELOPMENT_TEAM = SLD3XB8ML6;
				ENABLE_HARDENED_RUNTIME = YES;
				PRODUCT_NAME = "$(TARGET_NAME)";
				SWIFT_VERSION = 5.0;
			};
			name = Debug;
		};
		D8E4064627D33DB20001AF01 /* Release */ = {
			isa = XCBuildConfiguration;
			buildSettings = {
				CODE_SIGN_STYLE = Automatic;
				DEVELOPMENT_TEAM = SLD3XB8ML6;
				ENABLE_HARDENED_RUNTIME = YES;
				PRODUCT_NAME = "$(TARGET_NAME)";
				SWIFT_VERSION = 5.0;
			};
			name = Release;
		};
		D8EF166A27D7AEA700466887 /* Debug */ = {
			isa = XCBuildConfiguration;
			buildSettings = {
				CODE_SIGN_STYLE = Automatic;
				DEVELOPMENT_TEAM = SLD3XB8ML6;
				ENABLE_HARDENED_RUNTIME = YES;
				PRODUCT_NAME = "$(TARGET_NAME)";
				SWIFT_VERSION = 5.0;
			};
			name = Debug;
		};
		D8EF166B27D7AEA700466887 /* Release */ = {
			isa = XCBuildConfiguration;
			buildSettings = {
				CODE_SIGN_STYLE = Automatic;
				DEVELOPMENT_TEAM = SLD3XB8ML6;
				ENABLE_HARDENED_RUNTIME = YES;
				PRODUCT_NAME = "$(TARGET_NAME)";
				SWIFT_VERSION = 5.0;
			};
			name = Release;
		};
		D8F45ACD27DA2EB700DB741C /* Debug */ = {
			isa = XCBuildConfiguration;
			buildSettings = {
				CODE_SIGN_STYLE = Automatic;
				DEVELOPMENT_TEAM = SLD3XB8ML6;
				ENABLE_HARDENED_RUNTIME = YES;
				PRODUCT_NAME = "$(TARGET_NAME)";
				SWIFT_VERSION = 5.0;
			};
			name = Debug;
		};
		D8F45ACE27DA2EB700DB741C /* Release */ = {
			isa = XCBuildConfiguration;
			buildSettings = {
				CODE_SIGN_STYLE = Automatic;
				DEVELOPMENT_TEAM = SLD3XB8ML6;
				ENABLE_HARDENED_RUNTIME = YES;
				PRODUCT_NAME = "$(TARGET_NAME)";
				SWIFT_VERSION = 5.0;
			};
			name = Release;
		};
		D8F45ADE27DC780F00DB741C /* Debug */ = {
			isa = XCBuildConfiguration;
			buildSettings = {
				CODE_SIGN_STYLE = Automatic;
				DEVELOPMENT_TEAM = SLD3XB8ML6;
				ENABLE_HARDENED_RUNTIME = YES;
				PRODUCT_NAME = "$(TARGET_NAME)";
				SWIFT_VERSION = 5.0;
			};
			name = Debug;
		};
		D8F45ADF27DC780F00DB741C /* Release */ = {
			isa = XCBuildConfiguration;
			buildSettings = {
				CODE_SIGN_STYLE = Automatic;
				DEVELOPMENT_TEAM = SLD3XB8ML6;
				ENABLE_HARDENED_RUNTIME = YES;
				PRODUCT_NAME = "$(TARGET_NAME)";
				SWIFT_VERSION = 5.0;
			};
			name = Release;
		};
		D8F45AEA27DC7CF200DB741C /* Debug */ = {
			isa = XCBuildConfiguration;
			buildSettings = {
				CODE_SIGN_STYLE = Automatic;
				DEVELOPMENT_TEAM = SLD3XB8ML6;
				ENABLE_HARDENED_RUNTIME = YES;
				PRODUCT_NAME = "$(TARGET_NAME)";
				SWIFT_VERSION = 5.0;
			};
			name = Debug;
		};
		D8F45AEB27DC7CF200DB741C /* Release */ = {
			isa = XCBuildConfiguration;
			buildSettings = {
				CODE_SIGN_STYLE = Automatic;
				DEVELOPMENT_TEAM = SLD3XB8ML6;
				ENABLE_HARDENED_RUNTIME = YES;
				PRODUCT_NAME = "$(TARGET_NAME)";
				SWIFT_VERSION = 5.0;
			};
			name = Release;
		};
		D8F45B3727DDB1FC00DB741C /* Debug */ = {
			isa = XCBuildConfiguration;
			buildSettings = {
				CODE_SIGN_STYLE = Automatic;
				DEVELOPMENT_TEAM = SLD3XB8ML6;
				ENABLE_HARDENED_RUNTIME = YES;
				PRODUCT_NAME = "$(TARGET_NAME)";
				SWIFT_VERSION = 5.0;
			};
			name = Debug;
		};
		D8F45B3827DDB1FC00DB741C /* Release */ = {
			isa = XCBuildConfiguration;
			buildSettings = {
				CODE_SIGN_STYLE = Automatic;
				DEVELOPMENT_TEAM = SLD3XB8ML6;
				ENABLE_HARDENED_RUNTIME = YES;
				PRODUCT_NAME = "$(TARGET_NAME)";
				SWIFT_VERSION = 5.0;
			};
			name = Release;
		};
		D8F45B4D27DF82A400DB741C /* Debug */ = {
			isa = XCBuildConfiguration;
			buildSettings = {
				CODE_SIGN_STYLE = Automatic;
				DEVELOPMENT_TEAM = SLD3XB8ML6;
				ENABLE_HARDENED_RUNTIME = YES;
				PRODUCT_NAME = "$(TARGET_NAME)";
				SWIFT_VERSION = 5.0;
			};
			name = Debug;
		};
		D8F45B4E27DF82A400DB741C /* Release */ = {
			isa = XCBuildConfiguration;
			buildSettings = {
				CODE_SIGN_STYLE = Automatic;
				DEVELOPMENT_TEAM = SLD3XB8ML6;
				ENABLE_HARDENED_RUNTIME = YES;
				PRODUCT_NAME = "$(TARGET_NAME)";
				SWIFT_VERSION = 5.0;
			};
			name = Release;
		};
/* End XCBuildConfiguration section */

/* Begin XCConfigurationList section */
		D81E7ED627E5F9B800FDC311 /* Build configuration list for PBXNativeTarget "16234_인구 이동" */ = {
			isa = XCConfigurationList;
			buildConfigurations = (
				D81E7ED427E5F9B800FDC311 /* Debug */,
				D81E7ED527E5F9B800FDC311 /* Release */,
			);
			defaultConfigurationIsVisible = 0;
			defaultConfigurationName = Release;
		};
		D831FB4A27D4E66200F91045 /* Build configuration list for PBXNativeTarget "2941_크로아티아 알파벳" */ = {
			isa = XCConfigurationList;
			buildConfigurations = (
				D831FB4B27D4E66200F91045 /* Debug */,
				D831FB4C27D4E66200F91045 /* Release */,
			);
			defaultConfigurationIsVisible = 0;
			defaultConfigurationName = Release;
		};
		D8360AE927D7103300F56C07 /* Build configuration list for PBXNativeTarget "2234_성곽" */ = {
			isa = XCConfigurationList;
			buildConfigurations = (
				D8360AE727D7103300F56C07 /* Debug */,
				D8360AE827D7103300F56C07 /* Release */,
			);
			defaultConfigurationIsVisible = 0;
			defaultConfigurationName = Release;
		};
		D850154F27CDC59F00A47757 /* Build configuration list for PBXNativeTarget "17780_새로운 게임" */ = {
			isa = XCConfigurationList;
			buildConfigurations = (
				D850154D27CDC59F00A47757 /* Debug */,
				D850154E27CDC59F00A47757 /* Release */,
			);
			defaultConfigurationIsVisible = 0;
			defaultConfigurationName = Release;
		};
		D850155A27D0E46B00A47757 /* Build configuration list for PBXNativeTarget "Lv2_문자열압축" */ = {
			isa = XCConfigurationList;
			buildConfigurations = (
				D850155827D0E46B00A47757 /* Debug */,
				D850155927D0E46B00A47757 /* Release */,
			);
			defaultConfigurationIsVisible = 0;
			defaultConfigurationName = Release;
		};
		D8B24CC327BE71F70064A311 /* Build configuration list for PBXProject "algorithm" */ = {
			isa = XCConfigurationList;
			buildConfigurations = (
				D8B24CCD27BE71F70064A311 /* Debug */,
				D8B24CCE27BE71F70064A311 /* Release */,
			);
			defaultConfigurationIsVisible = 0;
			defaultConfigurationName = Release;
		};
		D8B24CCF27BE71F70064A311 /* Build configuration list for PBXNativeTarget "algorithm" */ = {
			isa = XCConfigurationList;
			buildConfigurations = (
				D8B24CD027BE71F70064A311 /* Debug */,
				D8B24CD127BE71F70064A311 /* Release */,
			);
			defaultConfigurationIsVisible = 0;
			defaultConfigurationName = Release;
		};
		D8B3B60327E0D1FB00F5BC1C /* Build configuration list for PBXNativeTarget "Longest Common Prefix" */ = {
			isa = XCConfigurationList;
			buildConfigurations = (
				D8B3B60127E0D1FB00F5BC1C /* Debug */,
				D8B3B60227E0D1FB00F5BC1C /* Release */,
			);
			defaultConfigurationIsVisible = 0;
			defaultConfigurationName = Release;
		};
		D8C5651727E37259008334B7 /* Build configuration list for PBXNativeTarget "Valid Parentheses" */ = {
			isa = XCConfigurationList;
			buildConfigurations = (
				D8C5651527E37259008334B7 /* Debug */,
				D8C5651627E37259008334B7 /* Release */,
			);
			defaultConfigurationIsVisible = 0;
			defaultConfigurationName = Release;
		};
		D8C8B47327E1EC1100E985E2 /* Build configuration list for PBXNativeTarget "9081_단어 맞추기" */ = {
			isa = XCConfigurationList;
			buildConfigurations = (
				D8C8B47127E1EC1100E985E2 /* Debug */,
				D8C8B47227E1EC1100E985E2 /* Release */,
			);
			defaultConfigurationIsVisible = 0;
			defaultConfigurationName = Release;
		};
		D8E4064727D33DB20001AF01 /* Build configuration list for PBXNativeTarget "2779_블라인드" */ = {
			isa = XCConfigurationList;
			buildConfigurations = (
				D8E4064527D33DB20001AF01 /* Debug */,
				D8E4064627D33DB20001AF01 /* Release */,
			);
			defaultConfigurationIsVisible = 0;
			defaultConfigurationName = Release;
		};
		D8EF166C27D7AEA700466887 /* Build configuration list for PBXNativeTarget "Lv2_위장" */ = {
			isa = XCConfigurationList;
			buildConfigurations = (
				D8EF166A27D7AEA700466887 /* Debug */,
				D8EF166B27D7AEA700466887 /* Release */,
			);
			defaultConfigurationIsVisible = 0;
			defaultConfigurationName = Release;
		};
		D8F45ACF27DA2EB700DB741C /* Build configuration list for PBXNativeTarget "14889_스타트와 링크" */ = {
			isa = XCConfigurationList;
			buildConfigurations = (
				D8F45ACD27DA2EB700DB741C /* Debug */,
				D8F45ACE27DA2EB700DB741C /* Release */,
			);
			defaultConfigurationIsVisible = 0;
			defaultConfigurationName = Release;
		};
		D8F45AE027DC780F00DB741C /* Build configuration list for PBXNativeTarget "codility_binary gap" */ = {
			isa = XCConfigurationList;
			buildConfigurations = (
				D8F45ADE27DC780F00DB741C /* Debug */,
				D8F45ADF27DC780F00DB741C /* Release */,
			);
			defaultConfigurationIsVisible = 0;
			defaultConfigurationName = Release;
		};
		D8F45AE927DC7CF200DB741C /* Build configuration list for PBXNativeTarget "LeetCode_two sum" */ = {
			isa = XCConfigurationList;
			buildConfigurations = (
				D8F45AEA27DC7CF200DB741C /* Debug */,
				D8F45AEB27DC7CF200DB741C /* Release */,
			);
			defaultConfigurationIsVisible = 0;
			defaultConfigurationName = Release;
		};
		D8F45B3627DDB1FC00DB741C /* Build configuration list for PBXNativeTarget "Palindrome Number" */ = {
			isa = XCConfigurationList;
			buildConfigurations = (
				D8F45B3727DDB1FC00DB741C /* Debug */,
				D8F45B3827DDB1FC00DB741C /* Release */,
			);
			defaultConfigurationIsVisible = 0;
			defaultConfigurationName = Release;
		};
		D8F45B4C27DF82A400DB741C /* Build configuration list for PBXNativeTarget "Romna to Integer" */ = {
			isa = XCConfigurationList;
			buildConfigurations = (
				D8F45B4D27DF82A400DB741C /* Debug */,
				D8F45B4E27DF82A400DB741C /* Release */,
			);
			defaultConfigurationIsVisible = 0;
			defaultConfigurationName = Release;
		};
/* End XCConfigurationList section */
	};
	rootObject = D8B24CC027BE71F70064A311 /* Project object */;
}
